
Microsoft Visual Studio Solution File, Format Version 12.00
# Visual Studio Version 16
VisualStudioVersion = 16.0.31829.152
MinimumVisualStudioVersion = 10.0.40219.1
Project("{FAE04EC0-301F-11D3-BF4B-00C04F79EFBC}") = "AnimaPet", "AnimaPet.csproj", "{ED8DFAC7-ECAB-4972-A983-FDF7386C538D}"
EndProject
Global
	GlobalSection(SolutionConfigurationPlatforms) = preSolution
		Debug|Any CPU = Debug|Any CPU
		Release|Any CPU = Release|Any CPU
	EndGlobalSection
	GlobalSection(ProjectConfigurationPlatforms) = postSolution
		{ED8DFAC7-ECAB-4972-A983-FDF7386C538D}.Debug|Any CPU.ActiveCfg = Debug|Any CPU
		{ED8DFAC7-ECAB-4972-A983-FDF7386C538D}.Debug|Any CPU.Build.0 = Debug|Any CPU
		{ED8DFAC7-ECAB-4972-A983-FDF7386C538D}.Release|Any CPU.ActiveCfg = Release|Any CPU
		{ED8DFAC7-ECAB-4972-A983-FDF7386C538D}.Release|Any CPU.Build.0 = Release|Any CPU
	EndGlobalSection
	GlobalSection(SolutionProperties) = preSolution
		HideSolutionNode = FALSE
	EndGlobalSection
	GlobalSection(ExtensibilityGlobals) = postSolution
		SolutionGuid = {7D954363-21EA-4753-8EC1-7D851226997D}
	EndGlobalSection
EndGlobal
